# This file is automatically @generated by Cargo.
# It is not intended for manual editing.
version = 4

[[package]]
name = "cli"
version = "0.5.0"
dependencies = [
 "core",
 "ks_std",
]

[[package]]
name = "core"
version = "0.5.0"
dependencies = [
 "vm",
]

[[package]]
name = "global"
version = "0.5.0"

[[package]]
name = "ks_std"
version = "0.5.0"
dependencies = [
 "core",
]

[[package]]
name = "native"
version = "0.5.0"

[[package]]
name = "vm"
version = "0.5.0"
dependencies = [
 "global",
 "native",
]
