# This file is automatically @generated by Cargo.
# It is not intended for manual editing.
version = 4

[[package]]
name = "ks-cli"
version = "0.5.0"
dependencies = [
 "ks-core",
 "ks-global",
 "ks-std",
 "ks-vm",
]

[[package]]
name = "ks-core"
version = "0.5.0"
dependencies = [
 "ks-global",
 "ks-vm",
 "ks-vm-new",
]

[[package]]
name = "ks-global"
version = "0.5.0"

[[package]]
name = "ks-std"
version = "0.5.0"
dependencies = [
 "ks-core",
 "ks-global",
 "ks-vm",
]

[[package]]
name = "ks-test"
version = "0.5.0"
dependencies = [
 "ks-core",
 "ks-global",
 "ks-std",
 "ks-vm",
 "ks-vm-new",
 "paste",
]

[[package]]
name = "ks-vm"
version = "0.5.0"
dependencies = [
 "ks-global",
]

[[package]]
name = "ks-vm-new"
version = "0.5.0"
dependencies = [
 "ks-global",
]

[[package]]
name = "paste"
version = "1.0.15"
source = "registry+https://github.com/rust-lang/crates.io-index"
checksum = "57c0d7b74b563b49d38dae00a0c37d4d6de9b432382b2892f0574ddcae73fd0a"
